hash: f53813840c087f0b89c9caef69818231696eca17e29964332bd984e4b90d2f54
updated: 2016-04-06T15:36:01.424733579-06:00
imports:
- name: github.com/blang/semver
  version: aea32c919a18e5ef4537bbd283ff29594b1b0165
- name: github.com/codegangsta/cli
  version: 71f57d300dd6a780ac1856c005c4b518cfd498ec
- name: github.com/geramirez/doc-template
  version: 9d3f77f131b0430388d7f301d4647facba28e11e
- name: github.com/go-utils/ufs
  version: 3f2140988c4e1ab09dc4637142bd9077cea577fb
- name: github.com/Masterminds/vcs
  version: b22ee1673cdd03ef47bb0b422736a7f17ff0648c
- name: github.com/onsi/ginkgo
  version: 105b4823ee2cbebc2b5c562d9ac50694ecc2c689
- name: github.com/onsi/gomega
  version: 7ce781ea776b2fd506491011353bded2e40c8467
- name: github.com/stretchr/testify
  version: 6fe211e493929a8aac0469b93f28b1d0688a9a3a
  subpackages:
  - mock
- name: github.com/vektra/errors
  version: c64d83aba85aa4392895aadeefabbd24e89f3580
- name: gopkg.in/fatih/set.v0
  version: 27c40922c40b43fe04554d8223a402af3ea333f3
- name: gopkg.in/yaml.v2
  version: a83829b6f1293c91addabc89d0571c246397bbf4
- name: vbom.ml/util
  version: db5cfe13f5cc80a4990d98e2e1b0707a4d1a5394
  subpackages:
  - sortorder
devImports: []
