# This file is autogenerated, do not edit; changes may be undone by the next 'dep ensure'.


[[projects]]
  digest = "1:74334b154a542b15a7391df3db5428675fdaa56b4d3f3de7b750289b9500d70e"
  name = "github.com/Masterminds/vcs"
  packages = ["."]
  pruneopts = "UT"
  revision = "master"

[[projects]]
  digest = "1:e990382d48644e08318d3526b374c654a102f37fbcf2b497018a3ad8faf3fbaa"
  name = "github.com/blang/semver"
  packages = ["."]
  pruneopts = "UT"
  revision = "master"

[[projects]]
  digest = "1:ffe9824d294da03b391f44e1ae8281281b4afc1bdaa9588c9097785e3af10cec"
  name = "github.com/davecgh/go-spew"
  packages = ["spew"]
  pruneopts = "UT"
  revision = "8991bc29aa16c548c550c7ff78260e27b9ab7c73"
  version = "v1.1.1"

[[projects]]
  digest = "1:5f1d44e13c151d777a80b0d8ca850347530773e73ccce5995a520cdc6947c205"
  name = "github.com/fatih/set"
  packages = ["."]
  pruneopts = "UT"
  revision = "master"

[[projects]]
  digest = "1:870d441fe217b8e689d7949fef6e43efbc787e50f200cb1e70dbca9204a1d6be"
  name = "github.com/inconshreveable/mousetrap"
  packages = ["."]
  pruneopts = "UT"
  revision = "master"

[[projects]]
  digest = "1:f48b65a90d2fce8faf55b8926b9dad7700a39478f9d103ddf92749c598b66b19"
  name = "github.com/onsi/ginkgo"
  packages = [
    ".",
    "config",
    "extensions/table",
    "internal/codelocation",
    "internal/containernode",
    "internal/failer",
    "internal/leafnodes",
    "internal/remote",
    "internal/spec",
    "internal/spec_iterator",
    "internal/specrunner",
    "internal/suite",
    "internal/testingtproxy",
    "internal/writer",
    "reporters",
    "reporters/stenographer",
    "reporters/stenographer/support/go-colorable",
    "reporters/stenographer/support/go-isatty",
    "types",
  ]
  pruneopts = "UT"
  revision = "master"

[[projects]]
  digest = "1:0c5dd7ca05a9eb7a62c4f74a24f1ddcf979f40e5dce8e20ebf64be907ec1a83b"
  name = "github.com/onsi/gomega"
  packages = [
    ".",
    "format",
    "gbytes",
    "gexec",
    "internal/assertion",
    "internal/asyncassertion",
    "internal/oraclematcher",
    "internal/testingtsupport",
    "matchers",
    "matchers/support/goraph/bipartitegraph",
    "matchers/support/goraph/edge",
    "matchers/support/goraph/node",
    "matchers/support/goraph/util",
    "types",
  ]
  pruneopts = "UT"
  revision = "master"

[[projects]]
  digest = "1:0028cb19b2e4c3112225cd871870f2d9cf49b9b4276531f03438a88e94be86fe"
  name = "github.com/pmezard/go-difflib"
  packages = ["difflib"]
  pruneopts = "UT"
  revision = "792786c7400a136282c1664665ae0a8db921c6c2"
  version = "v1.0.0"

[[projects]]
  digest = "1:22799aea8fe96dd5693abdd1eaa14b1b29e3eafbdc7733fa155b3cb556c8a7ae"
  name = "github.com/spf13/cobra"
  packages = ["."]
  pruneopts = "UT"
  revision = "master"

[[projects]]
  digest = "1:0720090e4ff7cc4b8e359f8a82bc72130d60b49c3b7115d2b107ec64ec1c2f4a"
  name = "github.com/spf13/pflag"
  packages = ["."]
  pruneopts = "UT"
  revision = "master"

[[projects]]
  digest = "1:ac83cf90d08b63ad5f7e020ef480d319ae890c208f8524622a2f3136e2686b02"
  name = "github.com/stretchr/objx"
  packages = ["."]
  pruneopts = "UT"
  revision = "477a77ecc69700c7cdeb1fa9e129548e1c1c393c"
  version = "v0.1.1"

[[projects]]
  digest = "1:15a4a7e5afac3cea801fa24831fce3bf3b5bd3620cbf8355a07b7dbf06877883"
  name = "github.com/stretchr/testify"
  packages = [
    "assert",
    "mock",
  ]
  pruneopts = "UT"
  revision = "master"

[[projects]]
  digest = "1:1c3e837f2965167b99c28ce5ad6f5b9bbedece9ce983b2e114d5e43cf4dade87"
  name = "github.com/tg/gosortmap"
  packages = ["."]
  pruneopts = "UT"
  revision = "master"

[[projects]]
  digest = "1:ea573edab66edeb74d20c577f03974591c5bbe5c25df6fe8ef9b8d587701dca2"
  name = "golang.org/x/net"
  packages = [
    "html",
    "html/atom",
    "html/charset",
  ]
  pruneopts = "UT"
  revision = "master"

[[projects]]
  digest = "1:b9b1eba9a556c66f5e656cd90009f27bc51130bf01a1d8f44c0d287926a73743"
  name = "golang.org/x/sys"
  packages = ["unix"]
  pruneopts = "UT"
  revision = "master"

[[projects]]
  digest = "1:0a1c6b785efbffab91d456ba5efec59a122e39666149ab352b527b370ba67411"
  name = "golang.org/x/text"
  packages = [
    "encoding",
    "encoding/charmap",
    "encoding/htmlindex",
    "encoding/internal",
    "encoding/internal/identifier",
    "encoding/japanese",
    "encoding/korean",
    "encoding/simplifiedchinese",
    "encoding/traditionalchinese",
    "encoding/unicode",
    "internal/gen",
    "internal/language",
    "internal/language/compact",
    "internal/tag",
    "internal/utf8internal",
    "language",
    "runes",
    "transform",
    "unicode/cldr",
  ]
  pruneopts = "UT"
  revision = "master"

[[projects]]
  digest = "1:342378ac4dcb378a5448dd723f0784ae519383532f5e70ade24132c4c8693202"
  name = "gopkg.in/yaml.v2"
  packages = ["."]
  pruneopts = "UT"
  revision = "v2"

[[projects]]
  digest = "1:9132eacc44d9bd1e03145ea2e9d4888800da7773d6edebb401f8cd34c9fb8380"
  name = "vbom.ml/util"
  packages = ["sortorder"]
  pruneopts = "UT"
  revision = "master"

[solve-meta]
  analyzer-name = "dep"
  analyzer-version = 1
  input-imports = [
    "github.com/Masterminds/vcs",
    "github.com/blang/semver",
    "github.com/fatih/set",
    "github.com/onsi/ginkgo",
    "github.com/onsi/ginkgo/extensions/table",
    "github.com/onsi/gomega",
    "github.com/onsi/gomega/gbytes",
    "github.com/onsi/gomega/gexec",
    "github.com/spf13/cobra",
    "github.com/stretchr/testify/assert",
    "github.com/stretchr/testify/mock",
    "github.com/tg/gosortmap",
    "gopkg.in/yaml.v2",
    "vbom.ml/util/sortorder",
  ]
  solver-name = "gps-cdcl"
  solver-version = 1
